
Microsoft Visual Studio Solution File, Format Version 12.00
# Visual Studio Version 16
VisualStudioVersion = 16.0.31624.102
MinimumVisualStudioVersion = 10.0.40219.1
Project("{FAE04EC0-301F-11D3-BF4B-00C04F79EFBC}") = "LABPIR2", "LABPIR2\LABPIR2.csproj", "{B27811E1-D0E4-4952-B04E-ADC1144784DB}"
EndProject
Global
	GlobalSection(SolutionConfigurationPlatforms) = preSolution
		Debug|Any CPU = Debug|Any CPU
		Release|Any CPU = Release|Any CPU
	EndGlobalSection
	GlobalSection(ProjectConfigurationPlatforms) = postSolution
		{B27811E1-D0E4-4952-B04E-ADC1144784DB}.Debug|Any CPU.ActiveCfg = Debug|Any CPU
		{B27811E1-D0E4-4952-B04E-ADC1144784DB}.Debug|Any CPU.Build.0 = Debug|Any CPU
		{B27811E1-D0E4-4952-B04E-ADC1144784DB}.Release|Any CPU.ActiveCfg = Release|Any CPU
		{B27811E1-D0E4-4952-B04E-ADC1144784DB}.Release|Any CPU.Build.0 = Release|Any CPU
	EndGlobalSection
	GlobalSection(SolutionProperties) = preSolution
		HideSolutionNode = FALSE
	EndGlobalSection
	GlobalSection(ExtensibilityGlobals) = postSolution
		SolutionGuid = {C790FA03-886F-4AD0-96CD-7F7A8E0E5154}
	EndGlobalSection
EndGlobal
